
Microsoft Visual Studio Solution File, Format Version 12.00
# Visual Studio Version 16
VisualStudioVersion = 16.0.29519.181
MinimumVisualStudioVersion = 10.0.40219.1
Project("{FAE04EC0-301F-11D3-BF4B-00C04F79EFBC}") = "Invoice Application", "Invoice Application\Invoice Application.csproj", "{63713221-E08B-40E8-B675-18E53003ECCD}"
EndProject
Global
	GlobalSection(SolutionConfigurationPlatforms) = preSolution
		Debug|Any CPU = Debug|Any CPU
		Release|Any CPU = Release|Any CPU
	EndGlobalSection
	GlobalSection(ProjectConfigurationPlatforms) = postSolution
		{63713221-E08B-40E8-B675-18E53003ECCD}.Debug|Any CPU.ActiveCfg = Debug|Any CPU
		{63713221-E08B-40E8-B675-18E53003ECCD}.Debug|Any CPU.Build.0 = Debug|Any CPU
		{63713221-E08B-40E8-B675-18E53003ECCD}.Release|Any CPU.ActiveCfg = Release|Any CPU
		{63713221-E08B-40E8-B675-18E53003ECCD}.Release|Any CPU.Build.0 = Release|Any CPU
	EndGlobalSection
	GlobalSection(SolutionProperties) = preSolution
		HideSolutionNode = FALSE
	EndGlobalSection
	GlobalSection(ExtensibilityGlobals) = postSolution
		SolutionGuid = {CC450276-92CD-400E-B475-55CB32D0B7AE}
	EndGlobalSection
EndGlobal
